
Microsoft Visual Studio Solution File, Format Version 12.00
# Visual Studio Version 17
VisualStudioVersion = 17.7.34031.279
MinimumVisualStudioVersion = 10.0.40219.1
Project("{FAE04EC0-301F-11D3-BF4B-00C04F79EFBC}") = "WebApplication1", "WebApplication1.csproj", "{63BD7F49-A065-4D79-9E2C-B590A4488A04}"
EndProject
Global
	GlobalSection(SolutionConfigurationPlatforms) = preSolution
		Debug|Any CPU = Debug|Any CPU
		Release|Any CPU = Release|Any CPU
	EndGlobalSection
	GlobalSection(ProjectConfigurationPlatforms) = postSolution
		{63BD7F49-A065-4D79-9E2C-B590A4488A04}.Debug|Any CPU.ActiveCfg = Debug|Any CPU
		{63BD7F49-A065-4D79-9E2C-B590A4488A04}.Debug|Any CPU.Build.0 = Debug|Any CPU
		{63BD7F49-A065-4D79-9E2C-B590A4488A04}.Release|Any CPU.ActiveCfg = Release|Any CPU
		{63BD7F49-A065-4D79-9E2C-B590A4488A04}.Release|Any CPU.Build.0 = Release|Any CPU
	EndGlobalSection
	GlobalSection(SolutionProperties) = preSolution
		HideSolutionNode = FALSE
	EndGlobalSection
	GlobalSection(ExtensibilityGlobals) = postSolution
		SolutionGuid = {C1C9591E-D1B2-4F86-ADCB-67F88501A57F}
	EndGlobalSection
EndGlobal
